
Microsoft Visual Studio Solution File, Format Version 12.00
# Visual Studio Version 17
VisualStudioVersion = 17.11.35327.3
MinimumVisualStudioVersion = 10.0.40219.1
Project("{FAE04EC0-301F-11D3-BF4B-00C04F79EFBC}") = "Student Grades 2", "Student Grades 2.csproj", "{6C67D4B9-C3B1-40E3-A023-3D54C7F52CD9}"
EndProject
Global
	GlobalSection(SolutionConfigurationPlatforms) = preSolution
		Debug|Any CPU = Debug|Any CPU
		Release|Any CPU = Release|Any CPU
	EndGlobalSection
	GlobalSection(ProjectConfigurationPlatforms) = postSolution
		{6C67D4B9-C3B1-40E3-A023-3D54C7F52CD9}.Debug|Any CPU.ActiveCfg = Debug|Any CPU
		{6C67D4B9-C3B1-40E3-A023-3D54C7F52CD9}.Debug|Any CPU.Build.0 = Debug|Any CPU
		{6C67D4B9-C3B1-40E3-A023-3D54C7F52CD9}.Release|Any CPU.ActiveCfg = Release|Any CPU
		{6C67D4B9-C3B1-40E3-A023-3D54C7F52CD9}.Release|Any CPU.Build.0 = Release|Any CPU
	EndGlobalSection
	GlobalSection(SolutionProperties) = preSolution
		HideSolutionNode = FALSE
	EndGlobalSection
	GlobalSection(ExtensibilityGlobals) = postSolution
		SolutionGuid = {68CE34D9-F01C-43B5-AC3F-55F42A0C1C00}
	EndGlobalSection
EndGlobal
